// !$*UTF8*$!
{
	archiveVersion = 1;
	classes = {
	};
	objectVersion = 50;
	objects = {

/* Begin PBXBuildFile section */
		63BAE6A722DA4F39007D5369 /* AppDelegate.swift in Sources */ = {isa = PBXBuildFile; fileRef = 63BAE6A622DA4F39007D5369 /* AppDelegate.swift */; };
		63BAE6AC22DA4F39007D5369 /* Main.storyboard in Resources */ = {isa = PBXBuildFile; fileRef = 63BAE6AA22DA4F39007D5369 /* Main.storyboard */; };
		63BAE6AE22DA4F3A007D5369 /* Assets.xcassets in Resources */ = {isa = PBXBuildFile; fileRef = 63BAE6AD22DA4F3A007D5369 /* Assets.xcassets */; };
		63BAE6B122DA4F3A007D5369 /* LaunchScreen.storyboard in Resources */ = {isa = PBXBuildFile; fileRef = 63BAE6AF22DA4F3A007D5369 /* LaunchScreen.storyboard */; };
/* End PBXBuildFile section */

/* Begin PBXFileReference section */
		63BAE6A322DA4F39007D5369 /* FaceDetectorSelfie.app */ = {isa = PBXFileReference; explicitFileType = wrapper.application; includeInIndex = 0; path = FaceDetectorSelfie.app; sourceTree = BUILT_PRODUCTS_DIR; };
		63BAE6A622DA4F39007D5369 /* AppDelegate.swift */ = {isa = PBXFileReference; lastKnownFileType = sourcecode.swift; path = AppDelegate.swift; sourceTree = "<group>"; };
		63BAE6AB22DA4F39007D5369 /* Base */ = {isa = PBXFileReference; lastKnownFileType = file.storyboard; name = Base; path = Base.lproj/Main.storyboard; sourceTree = "<group>"; };
		63BAE6AD22DA4F3A007D5369 /* Assets.xcassets */ = {isa = PBXFileReference; lastKnownFileType = folder.assetcatalog; path = Assets.xcassets; sourceTree = "<group>"; };
		63BAE6B022DA4F3A007D5369 /* Base */ = {isa = PBXFileReference; lastKnownFileType = file.storyboard; name = Base; path = Base.lproj/LaunchScreen.storyboard; sourceTree = "<group>"; };
		63BAE6B222DA4F3A007D5369 /* Info.plist */ = {isa = PBXFileReference; lastKnownFileType = text.plist.xml; path = Info.plist; sourceTree = "<group>"; };
/* End PBXFileReference section */

/* Begin PBXFrameworksBuildPhase section */
		63BAE6A022DA4F39007D5369 /* Frameworks */ = {
			isa = PBXFrameworksBuildPhase;
			buildActionMask = 2147483647;
			files = (
			);
			runOnlyForDeploymentPostprocessing = 0;
		};
/* End PBXFrameworksBuildPhase section */

/* Begin PBXGroup section */
		63BAE69A22DA4F39007D5369 = {
			isa = PBXGroup;
			children = (
				63BAE6A522DA4F39007D5369 /* FaceDetectorSelfie */,
				63BAE6A422DA4F39007D5369 /* Products */,
			);
			sourceTree = "<group>";
		};
		63BAE6A422DA4F39007D5369 /* Products */ = {
			isa = PBXGroup;
			children = (
				63BAE6A322DA4F39007D5369 /* FaceDetectorSelfie.app */,
			);
			name = Products;
			sourceTree = "<group>";
		};
		63BAE6A522DA4F39007D5369 /* FaceDetectorSelfie */ = {
			isa = PBXGroup;
			children = (
				63BAE6BA22DA5092007D5369 /* Views */,
				63BAE6B922DA508C007D5369 /* Controllers */,
				63BAE6B822DA507B007D5369 /* Utils */,
				63BAE6AD22DA4F3A007D5369 /* Assets.xcassets */,
				63BAE6B222DA4F3A007D5369 /* Info.plist */,
			);
			path = FaceDetectorSelfie;
			sourceTree = "<group>";
		};
		63BAE6B822DA507B007D5369 /* Utils */ = {
			isa = PBXGroup;
			children = (
				63BAE6BB22DA50D8007D5369 /* Storyboard */,
				63BAE6A622DA4F39007D5369 /* AppDelegate.swift */,
			);
			path = Utils;
			sourceTree = "<group>";
		};
		63BAE6B922DA508C007D5369 /* Controllers */ = {
			isa = PBXGroup;
			children = (
			);
			path = Controllers;
			sourceTree = "<group>";
		};
		63BAE6BA22DA5092007D5369 /* Views */ = {
			isa = PBXGroup;
			children = (
			);
			path = Views;
			sourceTree = "<group>";
		};
		63BAE6BB22DA50D8007D5369 /* Storyboard */ = {
			isa = PBXGroup;
			children = (
				63BAE6AA22DA4F39007D5369 /* Main.storyboard */,
				63BAE6AF22DA4F3A007D5369 /* LaunchScreen.storyboard */,
			);
			path = Storyboard;
			sourceTree = "<group>";
		};
/* End PBXGroup section */

/* Begin PBXNativeTarget section */
		63BAE6A222DA4F39007D5369 /* FaceDetectorSelfie */ = {
			isa = PBXNativeTarget;
			buildConfigurationList = 63BAE6B522DA4F3A007D5369 /* Build configuration list for PBXNativeTarget "FaceDetectorSelfie" */;
			buildPhases = (
				63BAE69F22DA4F39007D5369 /* Sources */,
				63BAE6A022DA4F39007D5369 /* Frameworks */,
				63BAE6A122DA4F39007D5369 /* Resources */,
			);
			buildRules = (
			);
			dependencies = (
			);
			name = FaceDetectorSelfie;
			productName = FaceDetectorSelfie;
			productReference = 63BAE6A322DA4F39007D5369 /* FaceDetectorSelfie.app */;
			productType = "com.apple.product-type.application";
		};
/* End PBXNativeTarget section */

/* Begin PBXProject section */
		63BAE69B22DA4F39007D5369 /* Project object */ = {
			isa = PBXProject;
			attributes = {
				LastSwiftUpdateCheck = 1020;
				LastUpgradeCheck = 1020;
				ORGANIZATIONNAME = "Hamza Khan";
				TargetAttributes = {
					63BAE6A222DA4F39007D5369 = {
						CreatedOnToolsVersion = 10.2.1;
					};
				};
			};
			buildConfigurationList = 63BAE69E22DA4F39007D5369 /* Build configuration list for PBXProject "FaceDetectorSelfie" */;
			compatibilityVersion = "Xcode 9.3";
			developmentRegion = en;
			hasScannedForEncodings = 0;
			knownRegions = (
				en,
				Base,
			);
			mainGroup = 63BAE69A22DA4F39007D5369;
			productRefGroup = 63BAE6A422DA4F39007D5369 /* Products */;
			projectDirPath = "";
			projectRoot = "";
			targets = (
				63BAE6A222DA4F39007D5369 /* FaceDetectorSelfie */,
			);
		};
/* End PBXProject section */

/* Begin PBXResourcesBuildPhase section */
		63BAE6A122DA4F39007D5369 /* Resources */ = {
			isa = PBXResourcesBuildPhase;
			buildActionMask = 2147483647;
			files = (
				63BAE6B122DA4F3A007D5369 /* LaunchScreen.storyboard in Resources */,
				63BAE6AE22DA4F3A007D5369 /* Assets.xcassets in Resources */,
				63BAE6AC22DA4F39007D5369 /* Main.storyboard in Resources */,
			);
			runOnlyForDeploymentPostprocessing = 0;
		};
/* End PBXResourcesBuildPhase section */

/* Begin PBXSourcesBuildPhase section */
		63BAE69F22DA4F39007D5369 /* Sources */ = {
			isa = PBXSourcesBuildPhase;
			buildActionMask = 2147483647;
			files = (
				63BAE6A722DA4F39007D5369 /* AppDelegate.swift in Sources */,
			);
			runOnlyForDeploymentPostprocessing = 0;
		};
/* End PBXSourcesBuildPhase section */

/* Begin PBXVariantGroup section */
		63BAE6AA22DA4F39007D5369 /* Main.storyboard */ = {
			isa = PBXVariantGroup;
			children = (
				63BAE6AB22DA4F39007D5369 /* Base */,
			);
			name = Main.storyboard;
			sourceTree = "<group>";
		};
		63BAE6AF22DA4F3A007D5369 /* LaunchScreen.storyboard */ = {
			isa = PBXVariantGroup;
			children = (
				63BAE6B022DA4F3A007D5369 /* Base */,
			);
			name = LaunchScreen.storyboard;
			sourceTree = "<group>";
		};
/* End PBXVariantGroup section */

/* Begin XCBuildConfiguration section */
		63BAE6B322DA4F3A007D5369 /* Debug */ = {
			isa = XCBuildConfiguration;
			buildSettings = {
				ALWAYS_SEARCH_USER_PATHS = NO;
				CLANG_ANALYZER_NONNULL = YES;
				CLANG_ANALYZER_NUMBER_OBJECT_CONVERSION = YES_AGGRESSIVE;
				CLANG_CXX_LANGUAGE_STANDARD = "gnu++14";
				CLANG_CXX_LIBRARY = "libc++";
				CLANG_ENABLE_MODULES = YES;
				CLANG_ENABLE_OBJC_ARC = YES;
				CLANG_ENABLE_OBJC_WEAK = YES;
				CLANG_WARN_BLOCK_CAPTURE_AUTORELEASING = YES;
				CLANG_WARN_BOOL_CONVERSION = YES;
				CLANG_WARN_COMMA = YES;
				CLANG_WARN_CONSTANT_CONVERSION = YES;
				CLANG_WARN_DEPRECATED_OBJC_IMPLEMENTATIONS = YES;
				CLANG_WARN_DIRECT_OBJC_ISA_USAGE = YES_ERROR;
				CLANG_WARN_DOCUMENTATION_COMMENTS = YES;
				CLANG_WARN_EMPTY_BODY = YES;
				CLANG_WARN_ENUM_CONVERSION = YES;
				CLANG_WARN_INFINITE_RECURSION = YES;
				CLANG_WARN_INT_CONVERSION = YES;
				CLANG_WARN_NON_LITERAL_NULL_CONVERSION = YES;
				CLANG_WARN_OBJC_IMPLICIT_RETAIN_SELF = YES;
				CLANG_WARN_OBJC_LITERAL_CONVERSION = YES;
				CLANG_WARN_OBJC_ROOT_CLASS = YES_ERROR;
				CLANG_WARN_RANGE_LOOP_ANALYSIS = YES;
				CLANG_WARN_STRICT_PROTOTYPES = YES;
				CLANG_WARN_SUSPICIOUS_MOVE = YES;
				CLANG_WARN_UNGUARDED_AVAILABILITY = YES_AGGRESSIVE;
				CLANG_WARN_UNREACHABLE_CODE = YES;
				CLANG_WARN__DUPLICATE_METHOD_MATCH = YES;
				CODE_SIGN_IDENTITY = "iPhone Developer";
				COPY_PHASE_STRIP = NO;
				DEBUG_INFORMATION_FORMAT = dwarf;
				ENABLE_STRICT_OBJC_MSGSEND = YES;
				ENABLE_TESTABILITY = YES;
				GCC_C_LANGUAGE_STANDARD = gnu11;
				GCC_DYNAMIC_NO_PIC = NO;
				GCC_NO_COMMON_BLOCKS = YES;
				GCC_OPTIMIZATION_LEVEL = 0;
				GCC_PREPROCESSOR_DEFINITIONS = (
					"DEBUG=1",
					"$(inherited)",
				);
				GCC_WARN_64_TO_32_BIT_CONVERSION = YES;
				GCC_WARN_ABOUT_RETURN_TYPE = YES_ERROR;
				GCC_WARN_UNDECLARED_SELECTOR = YES;
				GCC_WARN_UNINITIALIZED_AUTOS = YES_AGGRESSIVE;
				GCC_WARN_UNUSED_FUNCTION = YES;
				GCC_WARN_UNUSED_VARIABLE = YES;
				IPHONEOS_DEPLOYMENT_TARGET = 12.2;
				MTL_ENABLE_DEBUG_INFO = INCLUDE_SOURCE;
				MTL_FAST_MATH = YES;
				ONLY_ACTIVE_ARCH = YES;
				SDKROOT = iphoneos;
				SWIFT_ACTIVE_COMPILATION_CONDITIONS = DEBUG;
				SWIFT_OPTIMIZATION_LEVEL = "-Onone";
			};
			name = Debug;
		};
		63BAE6B422DA4F3A007D5369 /* Release */ = {
			isa = XCBuildConfiguration;
			buildSettings = {
				ALWAYS_SEARCH_USER_PATHS = NO;
				CLANG_ANALYZER_NONNULL = YES;
				CLANG_ANALYZER_NUMBER_OBJECT_CONVERSION = YES_AGGRESSIVE;
				CLANG_CXX_LANGUAGE_STANDARD = "gnu++14";
				CLANG_CXX_LIBRARY = "libc++";
				CLANG_ENABLE_MODULES = YES;
				CLANG_ENABLE_OBJC_ARC = YES;
				CLANG_ENABLE_OBJC_WEAK = YES;
				CLANG_WARN_BLOCK_CAPTURE_AUTORELEASING = YES;
				CLANG_WARN_BOOL_CONVERSION = YES;
				CLANG_WARN_COMMA = YES;
				CLANG_WARN_CONSTANT_CONVERSION = YES;
				CLANG_WARN_DEPRECATED_OBJC_IMPLEMENTATIONS = YES;
				CLANG_WARN_DIRECT_OBJC_ISA_USAGE = YES_ERROR;
				CLANG_WARN_DOCUMENTATION_COMMENTS = YES;
				CLANG_WARN_EMPTY_BODY = YES;
				CLANG_WARN_ENUM_CONVERSION = YES;
				CLANG_WARN_INFINITE_RECURSION = YES;
				CLANG_WARN_INT_CONVERSION = YES;
				CLANG_WARN_NON_LITERAL_NULL_CONVERSION = YES;
				CLANG_WARN_OBJC_IMPLICIT_RETAIN_SELF = YES;
				CLANG_WARN_OBJC_LITERAL_CONVERSION = YES;
				CLANG_WARN_OBJC_ROOT_CLASS = YES_ERROR;
				CLANG_WARN_RANGE_LOOP_ANALYSIS = YES;
				CLANG_WARN_STRICT_PROTOTYPES = YES;
				CLANG_WARN_SUSPICIOUS_MOVE = YES;
				CLANG_WARN_UNGUARDED_AVAILABILITY = YES_AGGRESSIVE;
				CLANG_WARN_UNREACHABLE_CODE = YES;
				CLANG_WARN__DUPLICATE_METHOD_MATCH = YES;
				CODE_SIGN_IDENTITY = "iPhone Developer";
				COPY_PHASE_STRIP = NO;
				DEBUG_INFORMATION_FORMAT = "dwarf-with-dsym";
				ENABLE_NS_ASSERTIONS = NO;
				ENABLE_STRICT_OBJC_MSGSEND = YES;
				GCC_C_LANGUAGE_STANDARD = gnu11;
				GCC_NO_COMMON_BLOCKS = YES;
				GCC_WARN_64_TO_32_BIT_CONVERSION = YES;
				GCC_WARN_ABOUT_RETURN_TYPE = YES_ERROR;
				GCC_WARN_UNDECLARED_SELECTOR = YES;
				GCC_WARN_UNINITIALIZED_AUTOS = YES_AGGRESSIVE;
				GCC_WARN_UNUSED_FUNCTION = YES;
				GCC_WARN_UNUSED_VARIABLE = YES;
				IPHONEOS_DEPLOYMENT_TARGET = 12.2;
				MTL_ENABLE_DEBUG_INFO = NO;
				MTL_FAST_MATH = YES;
				SDKROOT = iphoneos;
				SWIFT_COMPILATION_MODE = wholemodule;
				SWIFT_OPTIMIZATION_LEVEL = "-O";
				VALIDATE_PRODUCT = YES;
			};
			name = Release;
		};
		63BAE6B622DA4F3A007D5369 /* Debug */ = {
			isa = XCBuildConfiguration;
			buildSettings = {
				ASSETCATALOG_COMPILER_APPICON_NAME = AppIcon;
				CODE_SIGN_STYLE = Automatic;
				INFOPLIST_FILE = FaceDetectorSelfie/Info.plist;
				LD_RUNPATH_SEARCH_PATHS = (
					"$(inherited)",
					"@executable_path/Frameworks",
				);
				PRODUCT_BUNDLE_IDENTIFIER = com.roche.FaceDetectorSelfie;
				PRODUCT_NAME = "$(TARGET_NAME)";
				SWIFT_VERSION = 5.0;
				TARGETED_DEVICE_FAMILY = "1,2";
			};
			name = Debug;
		};
		63BAE6B722DA4F3A007D5369 /* Release */ = {
			isa = XCBuildConfiguration;
			buildSettings = {
				ASSETCATALOG_COMPILER_APPICON_NAME = AppIcon;
				CODE_SIGN_STYLE = Automatic;
				INFOPLIST_FILE = FaceDetectorSelfie/Info.plist;
				LD_RUNPATH_SEARCH_PATHS = (
					"$(inherited)",
					"@executable_path/Frameworks",
				);
				PRODUCT_BUNDLE_IDENTIFIER = com.roche.FaceDetectorSelfie;
				PRODUCT_NAME = "$(TARGET_NAME)";
				SWIFT_VERSION = 5.0;
				TARGETED_DEVICE_FAMILY = "1,2";
			};
			name = Release;
		};
/* End XCBuildConfiguration section */

/* Begin XCConfigurationList section */
		63BAE69E22DA4F39007D5369 /* Build configuration list for PBXProject "FaceDetectorSelfie" */ = {
			isa = XCConfigurationList;
			buildConfigurations = (
				63BAE6B322DA4F3A007D5369 /* Debug */,
				63BAE6B422DA4F3A007D5369 /* Release */,
			);
			defaultConfigurationIsVisible = 0;
			defaultConfigurationName = Release;
		};
		63BAE6B522DA4F3A007D5369 /* Build configuration list for PBXNativeTarget "FaceDetectorSelfie" */ = {
			isa = XCConfigurationList;
			buildConfigurations = (
				63BAE6B622DA4F3A007D5369 /* Debug */,
				63BAE6B722DA4F3A007D5369 /* Release */,
			);
			defaultConfigurationIsVisible = 0;
			defaultConfigurationName = Release;
		};
/* End XCConfigurationList section */
	};
	rootObject = 63BAE69B22DA4F39007D5369 /* Project object */;
}
